
Microsoft Visual Studio Solution File, Format Version 12.00
Project("{FAE04EC0-301F-11D3-BF4B-00C04F79EFBC}") = "DesignPatterns", "DesignPatterns\DesignPatterns.csproj", "{FD4F4216-1009-4C0A-A60C-C697D2DA141A}"
EndProject
Global
	GlobalSection(SolutionConfigurationPlatforms) = preSolution
		Debug|Any CPU = Debug|Any CPU
		Release|Any CPU = Release|Any CPU
	EndGlobalSection
	GlobalSection(ProjectConfigurationPlatforms) = postSolution
		{FD4F4216-1009-4C0A-A60C-C697D2DA141A}.Debug|Any CPU.ActiveCfg = Debug|Any CPU
		{FD4F4216-1009-4C0A-A60C-C697D2DA141A}.Debug|Any CPU.Build.0 = Debug|Any CPU
		{FD4F4216-1009-4C0A-A60C-C697D2DA141A}.Release|Any CPU.ActiveCfg = Release|Any CPU
		{FD4F4216-1009-4C0A-A60C-C697D2DA141A}.Release|Any CPU.Build.0 = Release|Any CPU
	EndGlobalSection
EndGlobal
